
Microsoft Visual Studio Solution File, Format Version 12.00
# Visual Studio Version 17
VisualStudioVersion = 17.1.32228.430
MinimumVisualStudioVersion = 10.0.40219.1
Project("{FAE04EC0-301F-11D3-BF4B-00C04F79EFBC}") = "ControlFactrua", "ControlFactrua\ControlFactrua.csproj", "{5A04CE4F-8722-468D-A711-89863147E4E6}"
EndProject
Global
	GlobalSection(SolutionConfigurationPlatforms) = preSolution
		Debug|Any CPU = Debug|Any CPU
		Release|Any CPU = Release|Any CPU
	EndGlobalSection
	GlobalSection(ProjectConfigurationPlatforms) = postSolution
		{5A04CE4F-8722-468D-A711-89863147E4E6}.Debug|Any CPU.ActiveCfg = Debug|Any CPU
		{5A04CE4F-8722-468D-A711-89863147E4E6}.Debug|Any CPU.Build.0 = Debug|Any CPU
		{5A04CE4F-8722-468D-A711-89863147E4E6}.Release|Any CPU.ActiveCfg = Release|Any CPU
		{5A04CE4F-8722-468D-A711-89863147E4E6}.Release|Any CPU.Build.0 = Release|Any CPU
	EndGlobalSection
	GlobalSection(SolutionProperties) = preSolution
		HideSolutionNode = FALSE
	EndGlobalSection
	GlobalSection(ExtensibilityGlobals) = postSolution
		SolutionGuid = {8E2CA3AB-14BF-4CB2-953D-25D00BFA93B3}
	EndGlobalSection
EndGlobal
